
Microsoft Visual Studio Solution File, Format Version 12.00
# Visual Studio 15
VisualStudioVersion = 15.0.26124.0
MinimumVisualStudioVersion = 15.0.26124.0
Project("{2150E333-8FDC-42A3-9474-1A3956D46DE8}") = "Apresentacao", "Apresentacao", "{3C74F9A1-6AF1-48BE-A6CB-D233FAD0DC9D}"
EndProject
Project("{FAE04EC0-301F-11D3-BF4B-00C04F79EFBC}") = "InteliSystem.VejaBem.Api", "Apresentacao\InteliSystem.VejaBem.Api\InteliSystem.VejaBem.Api.csproj", "{6B21F25F-CECC-4174-9ED5-972A55D33A4C}"
EndProject
Project("{2150E333-8FDC-42A3-9474-1A3956D46DE8}") = "Src", "Src", "{9DD33371-B9E0-40B9-99C7-D010E670425F}"
EndProject
Project("{2150E333-8FDC-42A3-9474-1A3956D46DE8}") = "Dominio", "Dominio", "{DD7AC32E-76D6-4BD4-92A4-D38DDFF519DF}"
EndProject
Project("{2150E333-8FDC-42A3-9474-1A3956D46DE8}") = "Gestao", "Gestao", "{19CBFEC1-87A1-48A4-8879-2CA889EA008D}"
EndProject
Project("{FAE04EC0-301F-11D3-BF4B-00C04F79EFBC}") = "InteliSystem.Dominio.Gestao.Endereco", "Src\Dominio\Gestao\InteliSystem.Dominio.Gestao.Endereco\InteliSystem.Dominio.Gestao.Endereco.csproj", "{9EFB5F54-FBD9-453A-BF93-DED318F8A120}"
EndProject
Project("{FAE04EC0-301F-11D3-BF4B-00C04F79EFBC}") = "InteliSystem.Dominio.Gestao.Pessoa", "Src\Dominio\Gestao\InteliSystem.Dominio.Gestao.Pessoa\InteliSystem.Dominio.Gestao.Pessoa.csproj", "{470140B9-F425-4373-AAD7-3643388934A8}"
EndProject
Project("{FAE04EC0-301F-11D3-BF4B-00C04F79EFBC}") = "InteliSystem.Dominio.Gestao.Secao", "Src\Dominio\Gestao\InteliSystem.Dominio.Gestao.Secao\InteliSystem.Dominio.Gestao.Secao.csproj", "{53156084-8B45-41F4-BBE3-92CCD01C47CC}"
EndProject
Project("{FAE04EC0-301F-11D3-BF4B-00C04F79EFBC}") = "InteliSystem.Dominio.Gestao.Usuarios", "Src\Dominio\Gestao\InteliSystem.Dominio.Gestao.Usuarios\InteliSystem.Dominio.Gestao.Usuarios.csproj", "{32C5C812-69F1-40E1-B27E-06E86E8C2C0D}"
EndProject
Project("{FAE04EC0-301F-11D3-BF4B-00C04F79EFBC}") = "InteliSystem.Dominio.Gestao.Logins", "Src\Dominio\Gestao\InteliSystem.Dominio.Gestao.Logins\InteliSystem.Dominio.Gestao.Logins.csproj", "{4367AC61-594F-42B0-A9BB-CB3934F3A44B}"
EndProject
Project("{2150E333-8FDC-42A3-9474-1A3956D46DE8}") = "Util", "Util", "{A5E3C511-F01B-4009-BFF1-FF27D60197BD}"
EndProject
Project("{FAE04EC0-301F-11D3-BF4B-00C04F79EFBC}") = "InteliSystem.Compartilhados", "Src\Util\InteliSystem.Compartilhados\InteliSystem.Compartilhados.csproj", "{E99A829D-8FAD-4AF5-8072-05AE3F3BC85F}"
EndProject
Project("{FAE04EC0-301F-11D3-BF4B-00C04F79EFBC}") = "InteliSystem.Util", "Src\Util\InteliSystem.Util\InteliSystem.Util.csproj", "{777D23E0-909E-4CC6-BF32-5F5134F7BCE6}"
EndProject
Project("{2150E333-8FDC-42A3-9474-1A3956D46DE8}") = "Infra", "Infra", "{E498E44A-56E9-4B97-A155-1355EE92A3E0}"
EndProject
Project("{FAE04EC0-301F-11D3-BF4B-00C04F79EFBC}") = "InteliSystem.DbConnection", "Src\Infra\InteliSystem.DbConnection\InteliSystem.DbConnection.csproj", "{CD3EFA38-CE06-4101-8113-9E28DB522009}"
EndProject
Project("{2150E333-8FDC-42A3-9474-1A3956D46DE8}") = "Repositorios", "Repositorios", "{5BD57585-FBFF-474C-AE0F-AC1DB558CD95}"
EndProject
Project("{2150E333-8FDC-42A3-9474-1A3956D46DE8}") = "Gestao", "Gestao", "{6AFB785A-AFB8-4ED6-8CE2-2E3BEBD97964}"
EndProject
Project("{FAE04EC0-301F-11D3-BF4B-00C04F79EFBC}") = "InteliSystem.Repositorio.Gestao.Clientes", "Src\Infra\Repositorios\Gestao\InteliSystem.Repositorio.Gestao.Clientes\InteliSystem.Repositorio.Gestao.Clientes.csproj", "{7FF108CC-4380-4266-89A6-646925134585}"
EndProject
Project("{FAE04EC0-301F-11D3-BF4B-00C04F79EFBC}") = "InteliSystem.Repositorio.Gestao.Pessoas", "Src\Infra\Repositorios\Gestao\InteliSystem.Repositorio.Gestao.Pessoas\InteliSystem.Repositorio.Gestao.Pessoas.csproj", "{D80703A9-3F78-4095-BA0E-78403C0EBA03}"
EndProject
Project("{FAE04EC0-301F-11D3-BF4B-00C04F79EFBC}") = "InteliSystem.Repositorio.Gestao.Usuarios", "Src\Infra\Repositorios\Gestao\InteliSystem.Repositorio.Gestao.Usuarios\InteliSystem.Repositorio.Gestao.Usuarios.csproj", "{5D7579E8-E382-4BBC-9E03-A841995049D0}"
EndProject
Global
	GlobalSection(SolutionConfigurationPlatforms) = preSolution
		Debug|Any CPU = Debug|Any CPU
		Debug|x64 = Debug|x64
		Debug|x86 = Debug|x86
		Release|Any CPU = Release|Any CPU
		Release|x64 = Release|x64
		Release|x86 = Release|x86
	EndGlobalSection
	GlobalSection(SolutionProperties) = preSolution
		HideSolutionNode = FALSE
	EndGlobalSection
	GlobalSection(ProjectConfigurationPlatforms) = postSolution
		{6B21F25F-CECC-4174-9ED5-972A55D33A4C}.Debug|Any CPU.ActiveCfg = Debug|Any CPU
		{6B21F25F-CECC-4174-9ED5-972A55D33A4C}.Debug|Any CPU.Build.0 = Debug|Any CPU
		{6B21F25F-CECC-4174-9ED5-972A55D33A4C}.Debug|x64.ActiveCfg = Debug|Any CPU
		{6B21F25F-CECC-4174-9ED5-972A55D33A4C}.Debug|x64.Build.0 = Debug|Any CPU
		{6B21F25F-CECC-4174-9ED5-972A55D33A4C}.Debug|x86.ActiveCfg = Debug|Any CPU
		{6B21F25F-CECC-4174-9ED5-972A55D33A4C}.Debug|x86.Build.0 = Debug|Any CPU
		{6B21F25F-CECC-4174-9ED5-972A55D33A4C}.Release|Any CPU.ActiveCfg = Release|Any CPU
		{6B21F25F-CECC-4174-9ED5-972A55D33A4C}.Release|Any CPU.Build.0 = Release|Any CPU
		{6B21F25F-CECC-4174-9ED5-972A55D33A4C}.Release|x64.ActiveCfg = Release|Any CPU
		{6B21F25F-CECC-4174-9ED5-972A55D33A4C}.Release|x64.Build.0 = Release|Any CPU
		{6B21F25F-CECC-4174-9ED5-972A55D33A4C}.Release|x86.ActiveCfg = Release|Any CPU
		{6B21F25F-CECC-4174-9ED5-972A55D33A4C}.Release|x86.Build.0 = Release|Any CPU
		{9EFB5F54-FBD9-453A-BF93-DED318F8A120}.Debug|Any CPU.ActiveCfg = Debug|Any CPU
		{9EFB5F54-FBD9-453A-BF93-DED318F8A120}.Debug|Any CPU.Build.0 = Debug|Any CPU
		{9EFB5F54-FBD9-453A-BF93-DED318F8A120}.Debug|x64.ActiveCfg = Debug|Any CPU
		{9EFB5F54-FBD9-453A-BF93-DED318F8A120}.Debug|x64.Build.0 = Debug|Any CPU
		{9EFB5F54-FBD9-453A-BF93-DED318F8A120}.Debug|x86.ActiveCfg = Debug|Any CPU
		{9EFB5F54-FBD9-453A-BF93-DED318F8A120}.Debug|x86.Build.0 = Debug|Any CPU
		{9EFB5F54-FBD9-453A-BF93-DED318F8A120}.Release|Any CPU.ActiveCfg = Release|Any CPU
		{9EFB5F54-FBD9-453A-BF93-DED318F8A120}.Release|Any CPU.Build.0 = Release|Any CPU
		{9EFB5F54-FBD9-453A-BF93-DED318F8A120}.Release|x64.ActiveCfg = Release|Any CPU
		{9EFB5F54-FBD9-453A-BF93-DED318F8A120}.Release|x64.Build.0 = Release|Any CPU
		{9EFB5F54-FBD9-453A-BF93-DED318F8A120}.Release|x86.ActiveCfg = Release|Any CPU
		{9EFB5F54-FBD9-453A-BF93-DED318F8A120}.Release|x86.Build.0 = Release|Any CPU
		{470140B9-F425-4373-AAD7-3643388934A8}.Debug|Any CPU.ActiveCfg = Debug|Any CPU
		{470140B9-F425-4373-AAD7-3643388934A8}.Debug|Any CPU.Build.0 = Debug|Any CPU
		{470140B9-F425-4373-AAD7-3643388934A8}.Debug|x64.ActiveCfg = Debug|Any CPU
		{470140B9-F425-4373-AAD7-3643388934A8}.Debug|x64.Build.0 = Debug|Any CPU
		{470140B9-F425-4373-AAD7-3643388934A8}.Debug|x86.ActiveCfg = Debug|Any CPU
		{470140B9-F425-4373-AAD7-3643388934A8}.Debug|x86.Build.0 = Debug|Any CPU
		{470140B9-F425-4373-AAD7-3643388934A8}.Release|Any CPU.ActiveCfg = Release|Any CPU
		{470140B9-F425-4373-AAD7-3643388934A8}.Release|Any CPU.Build.0 = Release|Any CPU
		{470140B9-F425-4373-AAD7-3643388934A8}.Release|x64.ActiveCfg = Release|Any CPU
		{470140B9-F425-4373-AAD7-3643388934A8}.Release|x64.Build.0 = Release|Any CPU
		{470140B9-F425-4373-AAD7-3643388934A8}.Release|x86.ActiveCfg = Release|Any CPU
		{470140B9-F425-4373-AAD7-3643388934A8}.Release|x86.Build.0 = Release|Any CPU
		{53156084-8B45-41F4-BBE3-92CCD01C47CC}.Debug|Any CPU.ActiveCfg = Debug|Any CPU
		{53156084-8B45-41F4-BBE3-92CCD01C47CC}.Debug|Any CPU.Build.0 = Debug|Any CPU
		{53156084-8B45-41F4-BBE3-92CCD01C47CC}.Debug|x64.ActiveCfg = Debug|Any CPU
		{53156084-8B45-41F4-BBE3-92CCD01C47CC}.Debug|x64.Build.0 = Debug|Any CPU
		{53156084-8B45-41F4-BBE3-92CCD01C47CC}.Debug|x86.ActiveCfg = Debug|Any CPU
		{53156084-8B45-41F4-BBE3-92CCD01C47CC}.Debug|x86.Build.0 = Debug|Any CPU
		{53156084-8B45-41F4-BBE3-92CCD01C47CC}.Release|Any CPU.ActiveCfg = Release|Any CPU
		{53156084-8B45-41F4-BBE3-92CCD01C47CC}.Release|Any CPU.Build.0 = Release|Any CPU
		{53156084-8B45-41F4-BBE3-92CCD01C47CC}.Release|x64.ActiveCfg = Release|Any CPU
		{53156084-8B45-41F4-BBE3-92CCD01C47CC}.Release|x64.Build.0 = Release|Any CPU
		{53156084-8B45-41F4-BBE3-92CCD01C47CC}.Release|x86.ActiveCfg = Release|Any CPU
		{53156084-8B45-41F4-BBE3-92CCD01C47CC}.Release|x86.Build.0 = Release|Any CPU
		{32C5C812-69F1-40E1-B27E-06E86E8C2C0D}.Debug|Any CPU.ActiveCfg = Debug|Any CPU
		{32C5C812-69F1-40E1-B27E-06E86E8C2C0D}.Debug|Any CPU.Build.0 = Debug|Any CPU
		{32C5C812-69F1-40E1-B27E-06E86E8C2C0D}.Debug|x64.ActiveCfg = Debug|Any CPU
		{32C5C812-69F1-40E1-B27E-06E86E8C2C0D}.Debug|x64.Build.0 = Debug|Any CPU
		{32C5C812-69F1-40E1-B27E-06E86E8C2C0D}.Debug|x86.ActiveCfg = Debug|Any CPU
		{32C5C812-69F1-40E1-B27E-06E86E8C2C0D}.Debug|x86.Build.0 = Debug|Any CPU
		{32C5C812-69F1-40E1-B27E-06E86E8C2C0D}.Release|Any CPU.ActiveCfg = Release|Any CPU
		{32C5C812-69F1-40E1-B27E-06E86E8C2C0D}.Release|Any CPU.Build.0 = Release|Any CPU
		{32C5C812-69F1-40E1-B27E-06E86E8C2C0D}.Release|x64.ActiveCfg = Release|Any CPU
		{32C5C812-69F1-40E1-B27E-06E86E8C2C0D}.Release|x64.Build.0 = Release|Any CPU
		{32C5C812-69F1-40E1-B27E-06E86E8C2C0D}.Release|x86.ActiveCfg = Release|Any CPU
		{32C5C812-69F1-40E1-B27E-06E86E8C2C0D}.Release|x86.Build.0 = Release|Any CPU
		{4367AC61-594F-42B0-A9BB-CB3934F3A44B}.Debug|Any CPU.ActiveCfg = Debug|Any CPU
		{4367AC61-594F-42B0-A9BB-CB3934F3A44B}.Debug|Any CPU.Build.0 = Debug|Any CPU
		{4367AC61-594F-42B0-A9BB-CB3934F3A44B}.Debug|x64.ActiveCfg = Debug|Any CPU
		{4367AC61-594F-42B0-A9BB-CB3934F3A44B}.Debug|x64.Build.0 = Debug|Any CPU
		{4367AC61-594F-42B0-A9BB-CB3934F3A44B}.Debug|x86.ActiveCfg = Debug|Any CPU
		{4367AC61-594F-42B0-A9BB-CB3934F3A44B}.Debug|x86.Build.0 = Debug|Any CPU
		{4367AC61-594F-42B0-A9BB-CB3934F3A44B}.Release|Any CPU.ActiveCfg = Release|Any CPU
		{4367AC61-594F-42B0-A9BB-CB3934F3A44B}.Release|Any CPU.Build.0 = Release|Any CPU
		{4367AC61-594F-42B0-A9BB-CB3934F3A44B}.Release|x64.ActiveCfg = Release|Any CPU
		{4367AC61-594F-42B0-A9BB-CB3934F3A44B}.Release|x64.Build.0 = Release|Any CPU
		{4367AC61-594F-42B0-A9BB-CB3934F3A44B}.Release|x86.ActiveCfg = Release|Any CPU
		{4367AC61-594F-42B0-A9BB-CB3934F3A44B}.Release|x86.Build.0 = Release|Any CPU
		{E99A829D-8FAD-4AF5-8072-05AE3F3BC85F}.Debug|Any CPU.ActiveCfg = Debug|Any CPU
		{E99A829D-8FAD-4AF5-8072-05AE3F3BC85F}.Debug|Any CPU.Build.0 = Debug|Any CPU
		{E99A829D-8FAD-4AF5-8072-05AE3F3BC85F}.Debug|x64.ActiveCfg = Debug|Any CPU
		{E99A829D-8FAD-4AF5-8072-05AE3F3BC85F}.Debug|x64.Build.0 = Debug|Any CPU
		{E99A829D-8FAD-4AF5-8072-05AE3F3BC85F}.Debug|x86.ActiveCfg = Debug|Any CPU
		{E99A829D-8FAD-4AF5-8072-05AE3F3BC85F}.Debug|x86.Build.0 = Debug|Any CPU
		{E99A829D-8FAD-4AF5-8072-05AE3F3BC85F}.Release|Any CPU.ActiveCfg = Release|Any CPU
		{E99A829D-8FAD-4AF5-8072-05AE3F3BC85F}.Release|Any CPU.Build.0 = Release|Any CPU
		{E99A829D-8FAD-4AF5-8072-05AE3F3BC85F}.Release|x64.ActiveCfg = Release|Any CPU
		{E99A829D-8FAD-4AF5-8072-05AE3F3BC85F}.Release|x64.Build.0 = Release|Any CPU
		{E99A829D-8FAD-4AF5-8072-05AE3F3BC85F}.Release|x86.ActiveCfg = Release|Any CPU
		{E99A829D-8FAD-4AF5-8072-05AE3F3BC85F}.Release|x86.Build.0 = Release|Any CPU
		{777D23E0-909E-4CC6-BF32-5F5134F7BCE6}.Debug|Any CPU.ActiveCfg = Debug|Any CPU
		{777D23E0-909E-4CC6-BF32-5F5134F7BCE6}.Debug|Any CPU.Build.0 = Debug|Any CPU
		{777D23E0-909E-4CC6-BF32-5F5134F7BCE6}.Debug|x64.ActiveCfg = Debug|Any CPU
		{777D23E0-909E-4CC6-BF32-5F5134F7BCE6}.Debug|x64.Build.0 = Debug|Any CPU
		{777D23E0-909E-4CC6-BF32-5F5134F7BCE6}.Debug|x86.ActiveCfg = Debug|Any CPU
		{777D23E0-909E-4CC6-BF32-5F5134F7BCE6}.Debug|x86.Build.0 = Debug|Any CPU
		{777D23E0-909E-4CC6-BF32-5F5134F7BCE6}.Release|Any CPU.ActiveCfg = Release|Any CPU
		{777D23E0-909E-4CC6-BF32-5F5134F7BCE6}.Release|Any CPU.Build.0 = Release|Any CPU
		{777D23E0-909E-4CC6-BF32-5F5134F7BCE6}.Release|x64.ActiveCfg = Release|Any CPU
		{777D23E0-909E-4CC6-BF32-5F5134F7BCE6}.Release|x64.Build.0 = Release|Any CPU
		{777D23E0-909E-4CC6-BF32-5F5134F7BCE6}.Release|x86.ActiveCfg = Release|Any CPU
		{777D23E0-909E-4CC6-BF32-5F5134F7BCE6}.Release|x86.Build.0 = Release|Any CPU
		{CD3EFA38-CE06-4101-8113-9E28DB522009}.Debug|Any CPU.ActiveCfg = Debug|Any CPU
		{CD3EFA38-CE06-4101-8113-9E28DB522009}.Debug|Any CPU.Build.0 = Debug|Any CPU
		{CD3EFA38-CE06-4101-8113-9E28DB522009}.Debug|x64.ActiveCfg = Debug|Any CPU
		{CD3EFA38-CE06-4101-8113-9E28DB522009}.Debug|x64.Build.0 = Debug|Any CPU
		{CD3EFA38-CE06-4101-8113-9E28DB522009}.Debug|x86.ActiveCfg = Debug|Any CPU
		{CD3EFA38-CE06-4101-8113-9E28DB522009}.Debug|x86.Build.0 = Debug|Any CPU
		{CD3EFA38-CE06-4101-8113-9E28DB522009}.Release|Any CPU.ActiveCfg = Release|Any CPU
		{CD3EFA38-CE06-4101-8113-9E28DB522009}.Release|Any CPU.Build.0 = Release|Any CPU
		{CD3EFA38-CE06-4101-8113-9E28DB522009}.Release|x64.ActiveCfg = Release|Any CPU
		{CD3EFA38-CE06-4101-8113-9E28DB522009}.Release|x64.Build.0 = Release|Any CPU
		{CD3EFA38-CE06-4101-8113-9E28DB522009}.Release|x86.ActiveCfg = Release|Any CPU
		{CD3EFA38-CE06-4101-8113-9E28DB522009}.Release|x86.Build.0 = Release|Any CPU
		{7FF108CC-4380-4266-89A6-646925134585}.Debug|Any CPU.ActiveCfg = Debug|Any CPU
		{7FF108CC-4380-4266-89A6-646925134585}.Debug|Any CPU.Build.0 = Debug|Any CPU
		{7FF108CC-4380-4266-89A6-646925134585}.Debug|x64.ActiveCfg = Debug|Any CPU
		{7FF108CC-4380-4266-89A6-646925134585}.Debug|x64.Build.0 = Debug|Any CPU
		{7FF108CC-4380-4266-89A6-646925134585}.Debug|x86.ActiveCfg = Debug|Any CPU
		{7FF108CC-4380-4266-89A6-646925134585}.Debug|x86.Build.0 = Debug|Any CPU
		{7FF108CC-4380-4266-89A6-646925134585}.Release|Any CPU.ActiveCfg = Release|Any CPU
		{7FF108CC-4380-4266-89A6-646925134585}.Release|Any CPU.Build.0 = Release|Any CPU
		{7FF108CC-4380-4266-89A6-646925134585}.Release|x64.ActiveCfg = Release|Any CPU
		{7FF108CC-4380-4266-89A6-646925134585}.Release|x64.Build.0 = Release|Any CPU
		{7FF108CC-4380-4266-89A6-646925134585}.Release|x86.ActiveCfg = Release|Any CPU
		{7FF108CC-4380-4266-89A6-646925134585}.Release|x86.Build.0 = Release|Any CPU
		{D80703A9-3F78-4095-BA0E-78403C0EBA03}.Debug|Any CPU.ActiveCfg = Debug|Any CPU
		{D80703A9-3F78-4095-BA0E-78403C0EBA03}.Debug|Any CPU.Build.0 = Debug|Any CPU
		{D80703A9-3F78-4095-BA0E-78403C0EBA03}.Debug|x64.ActiveCfg = Debug|Any CPU
		{D80703A9-3F78-4095-BA0E-78403C0EBA03}.Debug|x64.Build.0 = Debug|Any CPU
		{D80703A9-3F78-4095-BA0E-78403C0EBA03}.Debug|x86.ActiveCfg = Debug|Any CPU
		{D80703A9-3F78-4095-BA0E-78403C0EBA03}.Debug|x86.Build.0 = Debug|Any CPU
		{D80703A9-3F78-4095-BA0E-78403C0EBA03}.Release|Any CPU.ActiveCfg = Release|Any CPU
		{D80703A9-3F78-4095-BA0E-78403C0EBA03}.Release|Any CPU.Build.0 = Release|Any CPU
		{D80703A9-3F78-4095-BA0E-78403C0EBA03}.Release|x64.ActiveCfg = Release|Any CPU
		{D80703A9-3F78-4095-BA0E-78403C0EBA03}.Release|x64.Build.0 = Release|Any CPU
		{D80703A9-3F78-4095-BA0E-78403C0EBA03}.Release|x86.ActiveCfg = Release|Any CPU
		{D80703A9-3F78-4095-BA0E-78403C0EBA03}.Release|x86.Build.0 = Release|Any CPU
		{5D7579E8-E382-4BBC-9E03-A841995049D0}.Debug|Any CPU.ActiveCfg = Debug|Any CPU
		{5D7579E8-E382-4BBC-9E03-A841995049D0}.Debug|Any CPU.Build.0 = Debug|Any CPU
		{5D7579E8-E382-4BBC-9E03-A841995049D0}.Debug|x64.ActiveCfg = Debug|Any CPU
		{5D7579E8-E382-4BBC-9E03-A841995049D0}.Debug|x64.Build.0 = Debug|Any CPU
		{5D7579E8-E382-4BBC-9E03-A841995049D0}.Debug|x86.ActiveCfg = Debug|Any CPU
		{5D7579E8-E382-4BBC-9E03-A841995049D0}.Debug|x86.Build.0 = Debug|Any CPU
		{5D7579E8-E382-4BBC-9E03-A841995049D0}.Release|Any CPU.ActiveCfg = Release|Any CPU
		{5D7579E8-E382-4BBC-9E03-A841995049D0}.Release|Any CPU.Build.0 = Release|Any CPU
		{5D7579E8-E382-4BBC-9E03-A841995049D0}.Release|x64.ActiveCfg = Release|Any CPU
		{5D7579E8-E382-4BBC-9E03-A841995049D0}.Release|x64.Build.0 = Release|Any CPU
		{5D7579E8-E382-4BBC-9E03-A841995049D0}.Release|x86.ActiveCfg = Release|Any CPU
		{5D7579E8-E382-4BBC-9E03-A841995049D0}.Release|x86.Build.0 = Release|Any CPU
	EndGlobalSection
	GlobalSection(NestedProjects) = preSolution
		{6B21F25F-CECC-4174-9ED5-972A55D33A4C} = {3C74F9A1-6AF1-48BE-A6CB-D233FAD0DC9D}
		{DD7AC32E-76D6-4BD4-92A4-D38DDFF519DF} = {9DD33371-B9E0-40B9-99C7-D010E670425F}
		{19CBFEC1-87A1-48A4-8879-2CA889EA008D} = {DD7AC32E-76D6-4BD4-92A4-D38DDFF519DF}
		{9EFB5F54-FBD9-453A-BF93-DED318F8A120} = {19CBFEC1-87A1-48A4-8879-2CA889EA008D}
		{470140B9-F425-4373-AAD7-3643388934A8} = {19CBFEC1-87A1-48A4-8879-2CA889EA008D}
		{53156084-8B45-41F4-BBE3-92CCD01C47CC} = {19CBFEC1-87A1-48A4-8879-2CA889EA008D}
		{32C5C812-69F1-40E1-B27E-06E86E8C2C0D} = {19CBFEC1-87A1-48A4-8879-2CA889EA008D}
		{4367AC61-594F-42B0-A9BB-CB3934F3A44B} = {19CBFEC1-87A1-48A4-8879-2CA889EA008D}
		{A5E3C511-F01B-4009-BFF1-FF27D60197BD} = {9DD33371-B9E0-40B9-99C7-D010E670425F}
		{E99A829D-8FAD-4AF5-8072-05AE3F3BC85F} = {A5E3C511-F01B-4009-BFF1-FF27D60197BD}
		{777D23E0-909E-4CC6-BF32-5F5134F7BCE6} = {A5E3C511-F01B-4009-BFF1-FF27D60197BD}
		{E498E44A-56E9-4B97-A155-1355EE92A3E0} = {9DD33371-B9E0-40B9-99C7-D010E670425F}
		{CD3EFA38-CE06-4101-8113-9E28DB522009} = {E498E44A-56E9-4B97-A155-1355EE92A3E0}
		{5BD57585-FBFF-474C-AE0F-AC1DB558CD95} = {E498E44A-56E9-4B97-A155-1355EE92A3E0}
		{6AFB785A-AFB8-4ED6-8CE2-2E3BEBD97964} = {5BD57585-FBFF-474C-AE0F-AC1DB558CD95}
		{7FF108CC-4380-4266-89A6-646925134585} = {6AFB785A-AFB8-4ED6-8CE2-2E3BEBD97964}
		{D80703A9-3F78-4095-BA0E-78403C0EBA03} = {6AFB785A-AFB8-4ED6-8CE2-2E3BEBD97964}
		{5D7579E8-E382-4BBC-9E03-A841995049D0} = {6AFB785A-AFB8-4ED6-8CE2-2E3BEBD97964}
	EndGlobalSection
EndGlobal
