
Microsoft Visual Studio Solution File, Format Version 12.00
# Visual Studio 15
VisualStudioVersion = 15.0.26124.0
MinimumVisualStudioVersion = 15.0.26124.0
Project("{2150E333-8FDC-42A3-9474-1A3956D46DE8}") = "Presentation", "Presentation", "{CC6994F4-FE80-4E16-AB0C-34A625DCB9D5}"
EndProject
Project("{FAE04EC0-301F-11D3-BF4B-00C04F79EFBC}") = "InteliSystem.VejaBem.Api", "Presentation\InteliSystem.VejaBem.Api\InteliSystem.VejaBem.Api.csproj", "{76491A7A-14B7-4AD0-AC87-FF531CE9CBDF}"
EndProject
Project("{2150E333-8FDC-42A3-9474-1A3956D46DE8}") = "Src", "Src", "{06605117-2A7F-423D-83AC-27F41A7454DA}"
EndProject
Project("{2150E333-8FDC-42A3-9474-1A3956D46DE8}") = "Application", "Application", "{FD99F17E-F72C-4A16-B914-D370CEE78782}"
EndProject
Project("{2150E333-8FDC-42A3-9474-1A3956D46DE8}") = "Management", "Management", "{CE2F50D8-9639-4B01-A077-64BEF33E36C1}"
EndProject
Project("{FAE04EC0-301F-11D3-BF4B-00C04F79EFBC}") = "InteliSystem.App.Management.Enderecos", "Src\Application\Management\InteliSystem.App.Management.Enderecos\InteliSystem.App.Management.Enderecos.csproj", "{0ECA646F-FEB6-4779-98F4-CFCABFAEBABA}"
EndProject
Project("{FAE04EC0-301F-11D3-BF4B-00C04F79EFBC}") = "InteliSystem.App.Management.Logins", "Src\Application\Management\InteliSystem.App.Management.Logins\InteliSystem.App.Management.Logins.csproj", "{532036F0-5B2A-438B-A2AA-A00CF91F1F1E}"
EndProject
Project("{FAE04EC0-301F-11D3-BF4B-00C04F79EFBC}") = "InteliSystem.App.Management.Pessoas", "Src\Application\Management\InteliSystem.App.Management.Pessoas\InteliSystem.App.Management.Pessoas.csproj", "{88CEF278-2EF3-4BE9-AF96-326853F34558}"
EndProject
Project("{FAE04EC0-301F-11D3-BF4B-00C04F79EFBC}") = "InteliSystem.App.Management.Secoes", "Src\Application\Management\InteliSystem.App.Management.Secoes\InteliSystem.App.Management.Secoes.csproj", "{205DAAAD-C475-4084-B957-A88E4BBA523A}"
EndProject
Project("{FAE04EC0-301F-11D3-BF4B-00C04F79EFBC}") = "InteliSystem.App.Management.Usuarios", "Src\Application\Management\InteliSystem.App.Management.Usuarios\InteliSystem.App.Management.Usuarios.csproj", "{20F4B1D3-5184-4DE2-A33C-3D2148DFDCF4}"
EndProject
Project("{2150E333-8FDC-42A3-9474-1A3956D46DE8}") = "Infra", "Infra", "{BD95FEAD-5DB1-4FED-802D-7D1460F0C9C2}"
EndProject
Project("{FAE04EC0-301F-11D3-BF4B-00C04F79EFBC}") = "InteliSystem.DbConnection", "Src\Infra\InteliSystem.DbConnection\InteliSystem.DbConnection.csproj", "{D31290CF-5A94-4914-B62F-D38C04465E49}"
EndProject
Project("{FAE04EC0-301F-11D3-BF4B-00C04F79EFBC}") = "InteliSystem.Infra.CrossCuttinInitialize", "Src\Infra\InteliSystem.Infra.CrossCuttinInitialize\InteliSystem.Infra.CrossCuttinInitialize.csproj", "{6FE55995-BEE5-4A75-9054-BD6F0E0093D1}"
EndProject
Project("{2150E333-8FDC-42A3-9474-1A3956D46DE8}") = "Util", "Util", "{4DC5037D-FF9A-42BC-AF72-B14F83044725}"
EndProject
Project("{FAE04EC0-301F-11D3-BF4B-00C04F79EFBC}") = "InteliSystem.Util", "Src\Util\InteliSystem.Util\InteliSystem.Util.csproj", "{30F0E5F7-3252-4969-9985-E8E6F3B0CD36}"
EndProject
Project("{2150E333-8FDC-42A3-9474-1A3956D46DE8}") = "Domain", "Domain", "{50DDB811-EC0C-4290-A955-49D0A50DC733}"
EndProject
Project("{2150E333-8FDC-42A3-9474-1A3956D46DE8}") = "Management", "Management", "{EF2795F9-4CE6-45FB-AA51-9184F1C64B61}"
EndProject
Project("{FAE04EC0-301F-11D3-BF4B-00C04F79EFBC}") = "InteliSystem.Domain.Management.Pesoa", "Src\Domain\Management\InteliSystem.Domain.Management.Pessoa\InteliSystem.Domain.Management.Pessoa.csproj", "{C48DF27E-7B6D-42CC-BDD7-FC61F649C1E7}"
EndProject
Project("{FAE04EC0-301F-11D3-BF4B-00C04F79EFBC}") = "InteliSystem.Domain.Management.Endereco", "Src\Domain\Management\InteliSystem.Domain.Management.Endereco\InteliSystem.Domain.Management.Endereco.csproj", "{D08F1E58-9B24-448F-B7C4-3352F8FB3EB6}"
EndProject
Project("{FAE04EC0-301F-11D3-BF4B-00C04F79EFBC}") = "InteliSystem.Domain.Management.Usuarios", "Src\Domain\Management\InteliSystem.Domain.Management.Usuario\InteliSystem.Domain.Management.Usuarios.csproj", "{8043D0C0-BA62-49F7-B323-CA3D9E89A122}"
EndProject
Project("{FAE04EC0-301F-11D3-BF4B-00C04F79EFBC}") = "InteliSystem.Domain.Management.Secao", "Src\Domain\Management\InteliSystem.Domain.Management.Secao\InteliSystem.Domain.Management.Secao.csproj", "{8630CEBE-5645-4166-A062-2E9B3CA08A75}"
EndProject
Project("{2150E333-8FDC-42A3-9474-1A3956D46DE8}") = "Repositorys", "Repositorys", "{1580B34B-EBDA-45A3-B835-EB0FE2A109AA}"
EndProject
Project("{2150E333-8FDC-42A3-9474-1A3956D46DE8}") = "Management", "Management", "{ACAA6B0B-0267-4473-A675-F08C2754479B}"
EndProject
Project("{FAE04EC0-301F-11D3-BF4B-00C04F79EFBC}") = "InteliSystem.Repository.Management.Pessoa", "Src\Infra\Repositorys\Management\InteliSystem.Repository.Management.Pessoa\InteliSystem.Repository.Management.Pessoa.csproj", "{AB8F03C1-5326-4D25-8631-E1998624B9F8}"
EndProject
Global
	GlobalSection(SolutionConfigurationPlatforms) = preSolution
		Debug|Any CPU = Debug|Any CPU
		Debug|x64 = Debug|x64
		Debug|x86 = Debug|x86
		Release|Any CPU = Release|Any CPU
		Release|x64 = Release|x64
		Release|x86 = Release|x86
	EndGlobalSection
	GlobalSection(SolutionProperties) = preSolution
		HideSolutionNode = FALSE
	EndGlobalSection
	GlobalSection(ProjectConfigurationPlatforms) = postSolution
		{76491A7A-14B7-4AD0-AC87-FF531CE9CBDF}.Debug|Any CPU.ActiveCfg = Debug|Any CPU
		{76491A7A-14B7-4AD0-AC87-FF531CE9CBDF}.Debug|Any CPU.Build.0 = Debug|Any CPU
		{76491A7A-14B7-4AD0-AC87-FF531CE9CBDF}.Debug|x64.ActiveCfg = Debug|Any CPU
		{76491A7A-14B7-4AD0-AC87-FF531CE9CBDF}.Debug|x64.Build.0 = Debug|Any CPU
		{76491A7A-14B7-4AD0-AC87-FF531CE9CBDF}.Debug|x86.ActiveCfg = Debug|Any CPU
		{76491A7A-14B7-4AD0-AC87-FF531CE9CBDF}.Debug|x86.Build.0 = Debug|Any CPU
		{76491A7A-14B7-4AD0-AC87-FF531CE9CBDF}.Release|Any CPU.ActiveCfg = Release|Any CPU
		{76491A7A-14B7-4AD0-AC87-FF531CE9CBDF}.Release|Any CPU.Build.0 = Release|Any CPU
		{76491A7A-14B7-4AD0-AC87-FF531CE9CBDF}.Release|x64.ActiveCfg = Release|Any CPU
		{76491A7A-14B7-4AD0-AC87-FF531CE9CBDF}.Release|x64.Build.0 = Release|Any CPU
		{76491A7A-14B7-4AD0-AC87-FF531CE9CBDF}.Release|x86.ActiveCfg = Release|Any CPU
		{76491A7A-14B7-4AD0-AC87-FF531CE9CBDF}.Release|x86.Build.0 = Release|Any CPU
		{0ECA646F-FEB6-4779-98F4-CFCABFAEBABA}.Debug|Any CPU.ActiveCfg = Debug|Any CPU
		{0ECA646F-FEB6-4779-98F4-CFCABFAEBABA}.Debug|Any CPU.Build.0 = Debug|Any CPU
		{0ECA646F-FEB6-4779-98F4-CFCABFAEBABA}.Debug|x64.ActiveCfg = Debug|Any CPU
		{0ECA646F-FEB6-4779-98F4-CFCABFAEBABA}.Debug|x64.Build.0 = Debug|Any CPU
		{0ECA646F-FEB6-4779-98F4-CFCABFAEBABA}.Debug|x86.ActiveCfg = Debug|Any CPU
		{0ECA646F-FEB6-4779-98F4-CFCABFAEBABA}.Debug|x86.Build.0 = Debug|Any CPU
		{0ECA646F-FEB6-4779-98F4-CFCABFAEBABA}.Release|Any CPU.ActiveCfg = Release|Any CPU
		{0ECA646F-FEB6-4779-98F4-CFCABFAEBABA}.Release|Any CPU.Build.0 = Release|Any CPU
		{0ECA646F-FEB6-4779-98F4-CFCABFAEBABA}.Release|x64.ActiveCfg = Release|Any CPU
		{0ECA646F-FEB6-4779-98F4-CFCABFAEBABA}.Release|x64.Build.0 = Release|Any CPU
		{0ECA646F-FEB6-4779-98F4-CFCABFAEBABA}.Release|x86.ActiveCfg = Release|Any CPU
		{0ECA646F-FEB6-4779-98F4-CFCABFAEBABA}.Release|x86.Build.0 = Release|Any CPU
		{532036F0-5B2A-438B-A2AA-A00CF91F1F1E}.Debug|Any CPU.ActiveCfg = Debug|Any CPU
		{532036F0-5B2A-438B-A2AA-A00CF91F1F1E}.Debug|Any CPU.Build.0 = Debug|Any CPU
		{532036F0-5B2A-438B-A2AA-A00CF91F1F1E}.Debug|x64.ActiveCfg = Debug|Any CPU
		{532036F0-5B2A-438B-A2AA-A00CF91F1F1E}.Debug|x64.Build.0 = Debug|Any CPU
		{532036F0-5B2A-438B-A2AA-A00CF91F1F1E}.Debug|x86.ActiveCfg = Debug|Any CPU
		{532036F0-5B2A-438B-A2AA-A00CF91F1F1E}.Debug|x86.Build.0 = Debug|Any CPU
		{532036F0-5B2A-438B-A2AA-A00CF91F1F1E}.Release|Any CPU.ActiveCfg = Release|Any CPU
		{532036F0-5B2A-438B-A2AA-A00CF91F1F1E}.Release|Any CPU.Build.0 = Release|Any CPU
		{532036F0-5B2A-438B-A2AA-A00CF91F1F1E}.Release|x64.ActiveCfg = Release|Any CPU
		{532036F0-5B2A-438B-A2AA-A00CF91F1F1E}.Release|x64.Build.0 = Release|Any CPU
		{532036F0-5B2A-438B-A2AA-A00CF91F1F1E}.Release|x86.ActiveCfg = Release|Any CPU
		{532036F0-5B2A-438B-A2AA-A00CF91F1F1E}.Release|x86.Build.0 = Release|Any CPU
		{88CEF278-2EF3-4BE9-AF96-326853F34558}.Debug|Any CPU.ActiveCfg = Debug|Any CPU
		{88CEF278-2EF3-4BE9-AF96-326853F34558}.Debug|Any CPU.Build.0 = Debug|Any CPU
		{88CEF278-2EF3-4BE9-AF96-326853F34558}.Debug|x64.ActiveCfg = Debug|Any CPU
		{88CEF278-2EF3-4BE9-AF96-326853F34558}.Debug|x64.Build.0 = Debug|Any CPU
		{88CEF278-2EF3-4BE9-AF96-326853F34558}.Debug|x86.ActiveCfg = Debug|Any CPU
		{88CEF278-2EF3-4BE9-AF96-326853F34558}.Debug|x86.Build.0 = Debug|Any CPU
		{88CEF278-2EF3-4BE9-AF96-326853F34558}.Release|Any CPU.ActiveCfg = Release|Any CPU
		{88CEF278-2EF3-4BE9-AF96-326853F34558}.Release|Any CPU.Build.0 = Release|Any CPU
		{88CEF278-2EF3-4BE9-AF96-326853F34558}.Release|x64.ActiveCfg = Release|Any CPU
		{88CEF278-2EF3-4BE9-AF96-326853F34558}.Release|x64.Build.0 = Release|Any CPU
		{88CEF278-2EF3-4BE9-AF96-326853F34558}.Release|x86.ActiveCfg = Release|Any CPU
		{88CEF278-2EF3-4BE9-AF96-326853F34558}.Release|x86.Build.0 = Release|Any CPU
		{205DAAAD-C475-4084-B957-A88E4BBA523A}.Debug|Any CPU.ActiveCfg = Debug|Any CPU
		{205DAAAD-C475-4084-B957-A88E4BBA523A}.Debug|Any CPU.Build.0 = Debug|Any CPU
		{205DAAAD-C475-4084-B957-A88E4BBA523A}.Debug|x64.ActiveCfg = Debug|Any CPU
		{205DAAAD-C475-4084-B957-A88E4BBA523A}.Debug|x64.Build.0 = Debug|Any CPU
		{205DAAAD-C475-4084-B957-A88E4BBA523A}.Debug|x86.ActiveCfg = Debug|Any CPU
		{205DAAAD-C475-4084-B957-A88E4BBA523A}.Debug|x86.Build.0 = Debug|Any CPU
		{205DAAAD-C475-4084-B957-A88E4BBA523A}.Release|Any CPU.ActiveCfg = Release|Any CPU
		{205DAAAD-C475-4084-B957-A88E4BBA523A}.Release|Any CPU.Build.0 = Release|Any CPU
		{205DAAAD-C475-4084-B957-A88E4BBA523A}.Release|x64.ActiveCfg = Release|Any CPU
		{205DAAAD-C475-4084-B957-A88E4BBA523A}.Release|x64.Build.0 = Release|Any CPU
		{205DAAAD-C475-4084-B957-A88E4BBA523A}.Release|x86.ActiveCfg = Release|Any CPU
		{205DAAAD-C475-4084-B957-A88E4BBA523A}.Release|x86.Build.0 = Release|Any CPU
		{20F4B1D3-5184-4DE2-A33C-3D2148DFDCF4}.Debug|Any CPU.ActiveCfg = Debug|Any CPU
		{20F4B1D3-5184-4DE2-A33C-3D2148DFDCF4}.Debug|Any CPU.Build.0 = Debug|Any CPU
		{20F4B1D3-5184-4DE2-A33C-3D2148DFDCF4}.Debug|x64.ActiveCfg = Debug|Any CPU
		{20F4B1D3-5184-4DE2-A33C-3D2148DFDCF4}.Debug|x64.Build.0 = Debug|Any CPU
		{20F4B1D3-5184-4DE2-A33C-3D2148DFDCF4}.Debug|x86.ActiveCfg = Debug|Any CPU
		{20F4B1D3-5184-4DE2-A33C-3D2148DFDCF4}.Debug|x86.Build.0 = Debug|Any CPU
		{20F4B1D3-5184-4DE2-A33C-3D2148DFDCF4}.Release|Any CPU.ActiveCfg = Release|Any CPU
		{20F4B1D3-5184-4DE2-A33C-3D2148DFDCF4}.Release|Any CPU.Build.0 = Release|Any CPU
		{20F4B1D3-5184-4DE2-A33C-3D2148DFDCF4}.Release|x64.ActiveCfg = Release|Any CPU
		{20F4B1D3-5184-4DE2-A33C-3D2148DFDCF4}.Release|x64.Build.0 = Release|Any CPU
		{20F4B1D3-5184-4DE2-A33C-3D2148DFDCF4}.Release|x86.ActiveCfg = Release|Any CPU
		{20F4B1D3-5184-4DE2-A33C-3D2148DFDCF4}.Release|x86.Build.0 = Release|Any CPU
		{D31290CF-5A94-4914-B62F-D38C04465E49}.Debug|Any CPU.ActiveCfg = Debug|Any CPU
		{D31290CF-5A94-4914-B62F-D38C04465E49}.Debug|Any CPU.Build.0 = Debug|Any CPU
		{D31290CF-5A94-4914-B62F-D38C04465E49}.Debug|x64.ActiveCfg = Debug|Any CPU
		{D31290CF-5A94-4914-B62F-D38C04465E49}.Debug|x64.Build.0 = Debug|Any CPU
		{D31290CF-5A94-4914-B62F-D38C04465E49}.Debug|x86.ActiveCfg = Debug|Any CPU
		{D31290CF-5A94-4914-B62F-D38C04465E49}.Debug|x86.Build.0 = Debug|Any CPU
		{D31290CF-5A94-4914-B62F-D38C04465E49}.Release|Any CPU.ActiveCfg = Release|Any CPU
		{D31290CF-5A94-4914-B62F-D38C04465E49}.Release|Any CPU.Build.0 = Release|Any CPU
		{D31290CF-5A94-4914-B62F-D38C04465E49}.Release|x64.ActiveCfg = Release|Any CPU
		{D31290CF-5A94-4914-B62F-D38C04465E49}.Release|x64.Build.0 = Release|Any CPU
		{D31290CF-5A94-4914-B62F-D38C04465E49}.Release|x86.ActiveCfg = Release|Any CPU
		{D31290CF-5A94-4914-B62F-D38C04465E49}.Release|x86.Build.0 = Release|Any CPU
		{6FE55995-BEE5-4A75-9054-BD6F0E0093D1}.Debug|Any CPU.ActiveCfg = Debug|Any CPU
		{6FE55995-BEE5-4A75-9054-BD6F0E0093D1}.Debug|Any CPU.Build.0 = Debug|Any CPU
		{6FE55995-BEE5-4A75-9054-BD6F0E0093D1}.Debug|x64.ActiveCfg = Debug|Any CPU
		{6FE55995-BEE5-4A75-9054-BD6F0E0093D1}.Debug|x64.Build.0 = Debug|Any CPU
		{6FE55995-BEE5-4A75-9054-BD6F0E0093D1}.Debug|x86.ActiveCfg = Debug|Any CPU
		{6FE55995-BEE5-4A75-9054-BD6F0E0093D1}.Debug|x86.Build.0 = Debug|Any CPU
		{6FE55995-BEE5-4A75-9054-BD6F0E0093D1}.Release|Any CPU.ActiveCfg = Release|Any CPU
		{6FE55995-BEE5-4A75-9054-BD6F0E0093D1}.Release|Any CPU.Build.0 = Release|Any CPU
		{6FE55995-BEE5-4A75-9054-BD6F0E0093D1}.Release|x64.ActiveCfg = Release|Any CPU
		{6FE55995-BEE5-4A75-9054-BD6F0E0093D1}.Release|x64.Build.0 = Release|Any CPU
		{6FE55995-BEE5-4A75-9054-BD6F0E0093D1}.Release|x86.ActiveCfg = Release|Any CPU
		{6FE55995-BEE5-4A75-9054-BD6F0E0093D1}.Release|x86.Build.0 = Release|Any CPU
		{30F0E5F7-3252-4969-9985-E8E6F3B0CD36}.Debug|Any CPU.ActiveCfg = Debug|Any CPU
		{30F0E5F7-3252-4969-9985-E8E6F3B0CD36}.Debug|Any CPU.Build.0 = Debug|Any CPU
		{30F0E5F7-3252-4969-9985-E8E6F3B0CD36}.Debug|x64.ActiveCfg = Debug|Any CPU
		{30F0E5F7-3252-4969-9985-E8E6F3B0CD36}.Debug|x64.Build.0 = Debug|Any CPU
		{30F0E5F7-3252-4969-9985-E8E6F3B0CD36}.Debug|x86.ActiveCfg = Debug|Any CPU
		{30F0E5F7-3252-4969-9985-E8E6F3B0CD36}.Debug|x86.Build.0 = Debug|Any CPU
		{30F0E5F7-3252-4969-9985-E8E6F3B0CD36}.Release|Any CPU.ActiveCfg = Release|Any CPU
		{30F0E5F7-3252-4969-9985-E8E6F3B0CD36}.Release|Any CPU.Build.0 = Release|Any CPU
		{30F0E5F7-3252-4969-9985-E8E6F3B0CD36}.Release|x64.ActiveCfg = Release|Any CPU
		{30F0E5F7-3252-4969-9985-E8E6F3B0CD36}.Release|x64.Build.0 = Release|Any CPU
		{30F0E5F7-3252-4969-9985-E8E6F3B0CD36}.Release|x86.ActiveCfg = Release|Any CPU
		{30F0E5F7-3252-4969-9985-E8E6F3B0CD36}.Release|x86.Build.0 = Release|Any CPU
		{C48DF27E-7B6D-42CC-BDD7-FC61F649C1E7}.Debug|Any CPU.ActiveCfg = Debug|Any CPU
		{C48DF27E-7B6D-42CC-BDD7-FC61F649C1E7}.Debug|Any CPU.Build.0 = Debug|Any CPU
		{C48DF27E-7B6D-42CC-BDD7-FC61F649C1E7}.Debug|x64.ActiveCfg = Debug|Any CPU
		{C48DF27E-7B6D-42CC-BDD7-FC61F649C1E7}.Debug|x64.Build.0 = Debug|Any CPU
		{C48DF27E-7B6D-42CC-BDD7-FC61F649C1E7}.Debug|x86.ActiveCfg = Debug|Any CPU
		{C48DF27E-7B6D-42CC-BDD7-FC61F649C1E7}.Debug|x86.Build.0 = Debug|Any CPU
		{C48DF27E-7B6D-42CC-BDD7-FC61F649C1E7}.Release|Any CPU.ActiveCfg = Release|Any CPU
		{C48DF27E-7B6D-42CC-BDD7-FC61F649C1E7}.Release|Any CPU.Build.0 = Release|Any CPU
		{C48DF27E-7B6D-42CC-BDD7-FC61F649C1E7}.Release|x64.ActiveCfg = Release|Any CPU
		{C48DF27E-7B6D-42CC-BDD7-FC61F649C1E7}.Release|x64.Build.0 = Release|Any CPU
		{C48DF27E-7B6D-42CC-BDD7-FC61F649C1E7}.Release|x86.ActiveCfg = Release|Any CPU
		{C48DF27E-7B6D-42CC-BDD7-FC61F649C1E7}.Release|x86.Build.0 = Release|Any CPU
		{D08F1E58-9B24-448F-B7C4-3352F8FB3EB6}.Debug|Any CPU.ActiveCfg = Debug|Any CPU
		{D08F1E58-9B24-448F-B7C4-3352F8FB3EB6}.Debug|Any CPU.Build.0 = Debug|Any CPU
		{D08F1E58-9B24-448F-B7C4-3352F8FB3EB6}.Debug|x64.ActiveCfg = Debug|Any CPU
		{D08F1E58-9B24-448F-B7C4-3352F8FB3EB6}.Debug|x64.Build.0 = Debug|Any CPU
		{D08F1E58-9B24-448F-B7C4-3352F8FB3EB6}.Debug|x86.ActiveCfg = Debug|Any CPU
		{D08F1E58-9B24-448F-B7C4-3352F8FB3EB6}.Debug|x86.Build.0 = Debug|Any CPU
		{D08F1E58-9B24-448F-B7C4-3352F8FB3EB6}.Release|Any CPU.ActiveCfg = Release|Any CPU
		{D08F1E58-9B24-448F-B7C4-3352F8FB3EB6}.Release|Any CPU.Build.0 = Release|Any CPU
		{D08F1E58-9B24-448F-B7C4-3352F8FB3EB6}.Release|x64.ActiveCfg = Release|Any CPU
		{D08F1E58-9B24-448F-B7C4-3352F8FB3EB6}.Release|x64.Build.0 = Release|Any CPU
		{D08F1E58-9B24-448F-B7C4-3352F8FB3EB6}.Release|x86.ActiveCfg = Release|Any CPU
		{D08F1E58-9B24-448F-B7C4-3352F8FB3EB6}.Release|x86.Build.0 = Release|Any CPU
		{8043D0C0-BA62-49F7-B323-CA3D9E89A122}.Debug|Any CPU.ActiveCfg = Debug|Any CPU
		{8043D0C0-BA62-49F7-B323-CA3D9E89A122}.Debug|Any CPU.Build.0 = Debug|Any CPU
		{8043D0C0-BA62-49F7-B323-CA3D9E89A122}.Debug|x64.ActiveCfg = Debug|Any CPU
		{8043D0C0-BA62-49F7-B323-CA3D9E89A122}.Debug|x64.Build.0 = Debug|Any CPU
		{8043D0C0-BA62-49F7-B323-CA3D9E89A122}.Debug|x86.ActiveCfg = Debug|Any CPU
		{8043D0C0-BA62-49F7-B323-CA3D9E89A122}.Debug|x86.Build.0 = Debug|Any CPU
		{8043D0C0-BA62-49F7-B323-CA3D9E89A122}.Release|Any CPU.ActiveCfg = Release|Any CPU
		{8043D0C0-BA62-49F7-B323-CA3D9E89A122}.Release|Any CPU.Build.0 = Release|Any CPU
		{8043D0C0-BA62-49F7-B323-CA3D9E89A122}.Release|x64.ActiveCfg = Release|Any CPU
		{8043D0C0-BA62-49F7-B323-CA3D9E89A122}.Release|x64.Build.0 = Release|Any CPU
		{8043D0C0-BA62-49F7-B323-CA3D9E89A122}.Release|x86.ActiveCfg = Release|Any CPU
		{8043D0C0-BA62-49F7-B323-CA3D9E89A122}.Release|x86.Build.0 = Release|Any CPU
		{8630CEBE-5645-4166-A062-2E9B3CA08A75}.Debug|Any CPU.ActiveCfg = Debug|Any CPU
		{8630CEBE-5645-4166-A062-2E9B3CA08A75}.Debug|Any CPU.Build.0 = Debug|Any CPU
		{8630CEBE-5645-4166-A062-2E9B3CA08A75}.Debug|x64.ActiveCfg = Debug|Any CPU
		{8630CEBE-5645-4166-A062-2E9B3CA08A75}.Debug|x64.Build.0 = Debug|Any CPU
		{8630CEBE-5645-4166-A062-2E9B3CA08A75}.Debug|x86.ActiveCfg = Debug|Any CPU
		{8630CEBE-5645-4166-A062-2E9B3CA08A75}.Debug|x86.Build.0 = Debug|Any CPU
		{8630CEBE-5645-4166-A062-2E9B3CA08A75}.Release|Any CPU.ActiveCfg = Release|Any CPU
		{8630CEBE-5645-4166-A062-2E9B3CA08A75}.Release|Any CPU.Build.0 = Release|Any CPU
		{8630CEBE-5645-4166-A062-2E9B3CA08A75}.Release|x64.ActiveCfg = Release|Any CPU
		{8630CEBE-5645-4166-A062-2E9B3CA08A75}.Release|x64.Build.0 = Release|Any CPU
		{8630CEBE-5645-4166-A062-2E9B3CA08A75}.Release|x86.ActiveCfg = Release|Any CPU
		{8630CEBE-5645-4166-A062-2E9B3CA08A75}.Release|x86.Build.0 = Release|Any CPU
		{AB8F03C1-5326-4D25-8631-E1998624B9F8}.Debug|Any CPU.ActiveCfg = Debug|Any CPU
		{AB8F03C1-5326-4D25-8631-E1998624B9F8}.Debug|Any CPU.Build.0 = Debug|Any CPU
		{AB8F03C1-5326-4D25-8631-E1998624B9F8}.Debug|x64.ActiveCfg = Debug|Any CPU
		{AB8F03C1-5326-4D25-8631-E1998624B9F8}.Debug|x64.Build.0 = Debug|Any CPU
		{AB8F03C1-5326-4D25-8631-E1998624B9F8}.Debug|x86.ActiveCfg = Debug|Any CPU
		{AB8F03C1-5326-4D25-8631-E1998624B9F8}.Debug|x86.Build.0 = Debug|Any CPU
		{AB8F03C1-5326-4D25-8631-E1998624B9F8}.Release|Any CPU.ActiveCfg = Release|Any CPU
		{AB8F03C1-5326-4D25-8631-E1998624B9F8}.Release|Any CPU.Build.0 = Release|Any CPU
		{AB8F03C1-5326-4D25-8631-E1998624B9F8}.Release|x64.ActiveCfg = Release|Any CPU
		{AB8F03C1-5326-4D25-8631-E1998624B9F8}.Release|x64.Build.0 = Release|Any CPU
		{AB8F03C1-5326-4D25-8631-E1998624B9F8}.Release|x86.ActiveCfg = Release|Any CPU
		{AB8F03C1-5326-4D25-8631-E1998624B9F8}.Release|x86.Build.0 = Release|Any CPU
	EndGlobalSection
	GlobalSection(NestedProjects) = preSolution
		{76491A7A-14B7-4AD0-AC87-FF531CE9CBDF} = {CC6994F4-FE80-4E16-AB0C-34A625DCB9D5}
		{FD99F17E-F72C-4A16-B914-D370CEE78782} = {06605117-2A7F-423D-83AC-27F41A7454DA}
		{CE2F50D8-9639-4B01-A077-64BEF33E36C1} = {FD99F17E-F72C-4A16-B914-D370CEE78782}
		{0ECA646F-FEB6-4779-98F4-CFCABFAEBABA} = {CE2F50D8-9639-4B01-A077-64BEF33E36C1}
		{532036F0-5B2A-438B-A2AA-A00CF91F1F1E} = {CE2F50D8-9639-4B01-A077-64BEF33E36C1}
		{88CEF278-2EF3-4BE9-AF96-326853F34558} = {CE2F50D8-9639-4B01-A077-64BEF33E36C1}
		{205DAAAD-C475-4084-B957-A88E4BBA523A} = {CE2F50D8-9639-4B01-A077-64BEF33E36C1}
		{20F4B1D3-5184-4DE2-A33C-3D2148DFDCF4} = {CE2F50D8-9639-4B01-A077-64BEF33E36C1}
		{BD95FEAD-5DB1-4FED-802D-7D1460F0C9C2} = {06605117-2A7F-423D-83AC-27F41A7454DA}
		{D31290CF-5A94-4914-B62F-D38C04465E49} = {BD95FEAD-5DB1-4FED-802D-7D1460F0C9C2}
		{6FE55995-BEE5-4A75-9054-BD6F0E0093D1} = {BD95FEAD-5DB1-4FED-802D-7D1460F0C9C2}
		{4DC5037D-FF9A-42BC-AF72-B14F83044725} = {06605117-2A7F-423D-83AC-27F41A7454DA}
		{30F0E5F7-3252-4969-9985-E8E6F3B0CD36} = {4DC5037D-FF9A-42BC-AF72-B14F83044725}
		{50DDB811-EC0C-4290-A955-49D0A50DC733} = {06605117-2A7F-423D-83AC-27F41A7454DA}
		{EF2795F9-4CE6-45FB-AA51-9184F1C64B61} = {50DDB811-EC0C-4290-A955-49D0A50DC733}
		{C48DF27E-7B6D-42CC-BDD7-FC61F649C1E7} = {EF2795F9-4CE6-45FB-AA51-9184F1C64B61}
		{D08F1E58-9B24-448F-B7C4-3352F8FB3EB6} = {EF2795F9-4CE6-45FB-AA51-9184F1C64B61}
		{8043D0C0-BA62-49F7-B323-CA3D9E89A122} = {EF2795F9-4CE6-45FB-AA51-9184F1C64B61}
		{8630CEBE-5645-4166-A062-2E9B3CA08A75} = {EF2795F9-4CE6-45FB-AA51-9184F1C64B61}
		{1580B34B-EBDA-45A3-B835-EB0FE2A109AA} = {BD95FEAD-5DB1-4FED-802D-7D1460F0C9C2}
		{ACAA6B0B-0267-4473-A675-F08C2754479B} = {1580B34B-EBDA-45A3-B835-EB0FE2A109AA}
		{AB8F03C1-5326-4D25-8631-E1998624B9F8} = {ACAA6B0B-0267-4473-A675-F08C2754479B}
	EndGlobalSection
EndGlobal
